
Microsoft Visual Studio Solution File, Format Version 12.00
# Visual Studio Version 17
VisualStudioVersion = 17.5.002.0
MinimumVisualStudioVersion = 10.0.40219.1
Project("{9A19103F-16F7-4668-BE54-9A1E7A4F7556}") = "MyNewProject", "MyNewProject\MyNewProject.csproj", "{48C0C1CA-288D-4FEC-B8E5-71C1840CA2E8}"
EndProject
Global
	GlobalSection(SolutionConfigurationPlatforms) = preSolution
		Debug|Any CPU = Debug|Any CPU
		Release|Any CPU = Release|Any CPU
	EndGlobalSection
	GlobalSection(ProjectConfigurationPlatforms) = postSolution
		{48C0C1CA-288D-4FEC-B8E5-71C1840CA2E8}.Debug|Any CPU.ActiveCfg = Debug|Any CPU
		{48C0C1CA-288D-4FEC-B8E5-71C1840CA2E8}.Debug|Any CPU.Build.0 = Debug|Any CPU
		{48C0C1CA-288D-4FEC-B8E5-71C1840CA2E8}.Release|Any CPU.ActiveCfg = Release|Any CPU
		{48C0C1CA-288D-4FEC-B8E5-71C1840CA2E8}.Release|Any CPU.Build.0 = Release|Any CPU
	EndGlobalSection
	GlobalSection(SolutionProperties) = preSolution
		HideSolutionNode = FALSE
	EndGlobalSection
	GlobalSection(ExtensibilityGlobals) = postSolution
		SolutionGuid = {5FF0F43C-54D0-45C5-9889-E2C321A7DD75}
	EndGlobalSection
EndGlobal
